
Microsoft Visual Studio Solution File, Format Version 12.00
# Visual Studio Version 17
VisualStudioVersion = 17.2.32630.192
MinimumVisualStudioVersion = 10.0.40219.1
Project("{FAE04EC0-301F-11D3-BF4B-00C04F79EFBC}") = "HC", "HC\HC.csproj", "{A31E2BB7-B52A-4291-9995-6BE49820A46D}"
EndProject
Global
	GlobalSection(SolutionConfigurationPlatforms) = preSolution
		Debug|Any CPU = Debug|Any CPU
		Release|Any CPU = Release|Any CPU
	EndGlobalSection
	GlobalSection(ProjectConfigurationPlatforms) = postSolution
		{A31E2BB7-B52A-4291-9995-6BE49820A46D}.Debug|Any CPU.ActiveCfg = Debug|Any CPU
		{A31E2BB7-B52A-4291-9995-6BE49820A46D}.Debug|Any CPU.Build.0 = Debug|Any CPU
		{A31E2BB7-B52A-4291-9995-6BE49820A46D}.Release|Any CPU.ActiveCfg = Release|Any CPU
		{A31E2BB7-B52A-4291-9995-6BE49820A46D}.Release|Any CPU.Build.0 = Release|Any CPU
	EndGlobalSection
	GlobalSection(SolutionProperties) = preSolution
		HideSolutionNode = FALSE
	EndGlobalSection
	GlobalSection(ExtensibilityGlobals) = postSolution
		SolutionGuid = {44B321C6-B99D-4476-8765-D76838C6991A}
	EndGlobalSection
EndGlobal
